
Microsoft Visual Studio Solution File, Format Version 12.00
# Visual Studio 15
VisualStudioVersion = 15.0.27703.1
MinimumVisualStudioVersion = 10.0.40219.1
Project("{F184B08F-C81C-45F6-A57F-5ABD9991F28F}") = "Estructuras de Control", "Estructuras de Control\Estructuras de Control.vbproj", "{D290DED3-C4BF-4953-95B5-227BD28468AD}"
EndProject
Global
	GlobalSection(SolutionConfigurationPlatforms) = preSolution
		Debug|Any CPU = Debug|Any CPU
		Release|Any CPU = Release|Any CPU
	EndGlobalSection
	GlobalSection(ProjectConfigurationPlatforms) = postSolution
		{D290DED3-C4BF-4953-95B5-227BD28468AD}.Debug|Any CPU.ActiveCfg = Debug|Any CPU
		{D290DED3-C4BF-4953-95B5-227BD28468AD}.Debug|Any CPU.Build.0 = Debug|Any CPU
		{D290DED3-C4BF-4953-95B5-227BD28468AD}.Release|Any CPU.ActiveCfg = Release|Any CPU
		{D290DED3-C4BF-4953-95B5-227BD28468AD}.Release|Any CPU.Build.0 = Release|Any CPU
	EndGlobalSection
	GlobalSection(SolutionProperties) = preSolution
		HideSolutionNode = FALSE
	EndGlobalSection
	GlobalSection(ExtensibilityGlobals) = postSolution
		SolutionGuid = {C81D8132-E84A-4C9E-9B79-29BB872162CA}
	EndGlobalSection
EndGlobal
